
Microsoft Visual Studio Solution File, Format Version 12.00
# Visual Studio 15
VisualStudioVersion = 15.0.28307.1500
MinimumVisualStudioVersion = 10.0.40219.1
Project("{8BC9CEB8-8B4A-11D0-8D11-00A0C91BC942}") = "Adapter", "Adapter.vcxproj", "{1DBF85A0-4C9E-4A08-B860-1AB740884E42}"
EndProject
Global
	GlobalSection(SolutionConfigurationPlatforms) = preSolution
		Debug|x64 = Debug|x64
		Debug|x86 = Debug|x86
		Release|x64 = Release|x64
		Release|x86 = Release|x86
	EndGlobalSection
	GlobalSection(ProjectConfigurationPlatforms) = postSolution
		{1DBF85A0-4C9E-4A08-B860-1AB740884E42}.Debug|x64.ActiveCfg = Debug|x64
		{1DBF85A0-4C9E-4A08-B860-1AB740884E42}.Debug|x64.Build.0 = Debug|x64
		{1DBF85A0-4C9E-4A08-B860-1AB740884E42}.Debug|x86.ActiveCfg = Debug|Win32
		{1DBF85A0-4C9E-4A08-B860-1AB740884E42}.Debug|x86.Build.0 = Debug|Win32
		{1DBF85A0-4C9E-4A08-B860-1AB740884E42}.Release|x64.ActiveCfg = Release|x64
		{1DBF85A0-4C9E-4A08-B860-1AB740884E42}.Release|x64.Build.0 = Release|x64
		{1DBF85A0-4C9E-4A08-B860-1AB740884E42}.Release|x86.ActiveCfg = Release|Win32
		{1DBF85A0-4C9E-4A08-B860-1AB740884E42}.Release|x86.Build.0 = Release|Win32
	EndGlobalSection
	GlobalSection(SolutionProperties) = preSolution
		HideSolutionNode = FALSE
	EndGlobalSection
	GlobalSection(ExtensibilityGlobals) = postSolution
		SolutionGuid = {53AA0998-C6C5-4191-A1A9-4B37F9498ECA}
	EndGlobalSection
EndGlobal
